// !$*UTF8*$!
{
	archiveVersion = 1;
	classes = {
	};
	objectVersion = 50;
	objects = {

/* Begin PBXBuildFile section */
		9F03EA4E255D868E001F27EC /* CollectionViewDelegate.swift in Sources */ = {isa = PBXBuildFile; fileRef = 9F03EA4D255D868E001F27EC /* CollectionViewDelegate.swift */; };
		9F35EBC7255825ED00B918E4 /* TableViewController+FavoriteMovieViewController.swift in Sources */ = {isa = PBXBuildFile; fileRef = 9F35EBC6255825ED00B918E4 /* TableViewController+FavoriteMovieViewController.swift */; };
		9F35EBCA25582D9F00B918E4 /* TableViewCellDelegate.swift in Sources */ = {isa = PBXBuildFile; fileRef = 9F35EBC925582D9F00B918E4 /* TableViewCellDelegate.swift */; };
		9F3B498225596BE90013EF92 /* AddedFavoriteAlertView.swift in Sources */ = {isa = PBXBuildFile; fileRef = 9F3B498125596BE90013EF92 /* AddedFavoriteAlertView.swift */; };
		9F3B498425596C070013EF92 /* AddedFavoriteAlertView.xib in Resources */ = {isa = PBXBuildFile; fileRef = 9F3B498325596C070013EF92 /* AddedFavoriteAlertView.xib */; };
		9F3B4986255AC9120013EF92 /* CreditsViewController.swift in Sources */ = {isa = PBXBuildFile; fileRef = 9F3B4985255AC9120013EF92 /* CreditsViewController.swift */; };
		9F3B4988255ACA1C0013EF92 /* Parse.swift in Sources */ = {isa = PBXBuildFile; fileRef = 9F3B4987255ACA1C0013EF92 /* Parse.swift */; };
		9F3B498A255ACA4D0013EF92 /* CreditsModel.swift in Sources */ = {isa = PBXBuildFile; fileRef = 9F3B4989255ACA4D0013EF92 /* CreditsModel.swift */; };
		9FA75A1C2555356D00C6D4E7 /* AppDelegate.swift in Sources */ = {isa = PBXBuildFile; fileRef = 9FA75A1B2555356D00C6D4E7 /* AppDelegate.swift */; };
		9FA75A1E2555356D00C6D4E7 /* SceneDelegate.swift in Sources */ = {isa = PBXBuildFile; fileRef = 9FA75A1D2555356D00C6D4E7 /* SceneDelegate.swift */; };
		9FA75A202555356D00C6D4E7 /* ViewController.swift in Sources */ = {isa = PBXBuildFile; fileRef = 9FA75A1F2555356D00C6D4E7 /* ViewController.swift */; };
		9FA75A232555356D00C6D4E7 /* Main.storyboard in Resources */ = {isa = PBXBuildFile; fileRef = 9FA75A212555356D00C6D4E7 /* Main.storyboard */; };
		9FA75A262555356D00C6D4E7 /* Movie.xcdatamodeld in Sources */ = {isa = PBXBuildFile; fileRef = 9FA75A242555356D00C6D4E7 /* Movie.xcdatamodeld */; };
		9FA75A282555356F00C6D4E7 /* Assets.xcassets in Resources */ = {isa = PBXBuildFile; fileRef = 9FA75A272555356F00C6D4E7 /* Assets.xcassets */; };
		9FA75A2B2555356F00C6D4E7 /* LaunchScreen.storyboard in Resources */ = {isa = PBXBuildFile; fileRef = 9FA75A292555356F00C6D4E7 /* LaunchScreen.storyboard */; };
		9FA75A33255535F400C6D4E7 /* MovieModel.swift in Sources */ = {isa = PBXBuildFile; fileRef = 9FA75A32255535F400C6D4E7 /* MovieModel.swift */; };
		9FA75A3A2555481200C6D4E7 /* OneMovieViewController.swift in Sources */ = {isa = PBXBuildFile; fileRef = 9FA75A392555481200C6D4E7 /* OneMovieViewController.swift */; };
		9FA75A3C2555482400C6D4E7 /* FavoriteMoviesViewController.swift in Sources */ = {isa = PBXBuildFile; fileRef = 9FA75A3B2555482400C6D4E7 /* FavoriteMoviesViewController.swift */; };
		9FA75A3E25554F4600C6D4E7 /* TableViewCell.swift in Sources */ = {isa = PBXBuildFile; fileRef = 9FA75A3D25554F4600C6D4E7 /* TableViewCell.swift */; };
		9FA75A412555509A00C6D4E7 /* TableViewDelegate+ViewController.swift in Sources */ = {isa = PBXBuildFile; fileRef = 9FA75A402555509A00C6D4E7 /* TableViewDelegate+ViewController.swift */; };
		9FA75A44255560B200C6D4E7 /* MovieData+CoreDataClass.swift in Sources */ = {isa = PBXBuildFile; fileRef = 9FA75A42255560B200C6D4E7 /* MovieData+CoreDataClass.swift */; };
		9FA75A45255560B200C6D4E7 /* MovieData+CoreDataProperties.swift in Sources */ = {isa = PBXBuildFile; fileRef = 9FA75A43255560B200C6D4E7 /* MovieData+CoreDataProperties.swift */; };
		9FA75A472556CA5700C6D4E7 /* CollectionViewDelegate+OneViewController.swift in Sources */ = {isa = PBXBuildFile; fileRef = 9FA75A462556CA5700C6D4E7 /* CollectionViewDelegate+OneViewController.swift */; };
		9FA75A492556D6B700C6D4E7 /* CollectionViewCell.swift in Sources */ = {isa = PBXBuildFile; fileRef = 9FA75A482556D6B700C6D4E7 /* CollectionViewCell.swift */; };
		9FF77A9725603177004C86CB /* ViewsProtocol.swift in Sources */ = {isa = PBXBuildFile; fileRef = 9FF77A9625603177004C86CB /* ViewsProtocol.swift */; };
		9FF77A9A2562C7B3004C86CB /* SearchViewController.swift in Sources */ = {isa = PBXBuildFile; fileRef = 9FF77A992562C7B3004C86CB /* SearchViewController.swift */; };
		9FF77A9F2562D3A2004C86CB /* TableViewDelegate.swift in Sources */ = {isa = PBXBuildFile; fileRef = 9FF77A9E2562D3A2004C86CB /* TableViewDelegate.swift */; };
		9FF77AA22562D3CD004C86CB /* SearchBarDelegate.swift in Sources */ = {isa = PBXBuildFile; fileRef = 9FF77AA12562D3CD004C86CB /* SearchBarDelegate.swift */; };
/* End PBXBuildFile section */

/* Begin PBXFileReference section */
		9F03EA4D255D868E001F27EC /* CollectionViewDelegate.swift */ = {isa = PBXFileReference; lastKnownFileType = sourcecode.swift; path = CollectionViewDelegate.swift; sourceTree = "<group>"; };
		9F35EBC6255825ED00B918E4 /* TableViewController+FavoriteMovieViewController.swift */ = {isa = PBXFileReference; lastKnownFileType = sourcecode.swift; path = "TableViewController+FavoriteMovieViewController.swift"; sourceTree = "<group>"; };
		9F35EBC925582D9F00B918E4 /* TableViewCellDelegate.swift */ = {isa = PBXFileReference; lastKnownFileType = sourcecode.swift; path = TableViewCellDelegate.swift; sourceTree = "<group>"; };
		9F3B498125596BE90013EF92 /* AddedFavoriteAlertView.swift */ = {isa = PBXFileReference; lastKnownFileType = sourcecode.swift; path = AddedFavoriteAlertView.swift; sourceTree = "<group>"; };
		9F3B498325596C070013EF92 /* AddedFavoriteAlertView.xib */ = {isa = PBXFileReference; lastKnownFileType = file.xib; path = AddedFavoriteAlertView.xib; sourceTree = "<group>"; };
		9F3B4985255AC9120013EF92 /* CreditsViewController.swift */ = {isa = PBXFileReference; lastKnownFileType = sourcecode.swift; path = CreditsViewController.swift; sourceTree = "<group>"; };
		9F3B4987255ACA1C0013EF92 /* Parse.swift */ = {isa = PBXFileReference; lastKnownFileType = sourcecode.swift; path = Parse.swift; sourceTree = "<group>"; };
		9F3B4989255ACA4D0013EF92 /* CreditsModel.swift */ = {isa = PBXFileReference; lastKnownFileType = sourcecode.swift; path = CreditsModel.swift; sourceTree = "<group>"; };
		9FA75A182555356D00C6D4E7 /* Movie.app */ = {isa = PBXFileReference; explicitFileType = wrapper.application; includeInIndex = 0; path = Movie.app; sourceTree = BUILT_PRODUCTS_DIR; };
		9FA75A1B2555356D00C6D4E7 /* AppDelegate.swift */ = {isa = PBXFileReference; lastKnownFileType = sourcecode.swift; path = AppDelegate.swift; sourceTree = "<group>"; };
		9FA75A1D2555356D00C6D4E7 /* SceneDelegate.swift */ = {isa = PBXFileReference; lastKnownFileType = sourcecode.swift; path = SceneDelegate.swift; sourceTree = "<group>"; };
		9FA75A1F2555356D00C6D4E7 /* ViewController.swift */ = {isa = PBXFileReference; lastKnownFileType = sourcecode.swift; path = ViewController.swift; sourceTree = "<group>"; };
		9FA75A222555356D00C6D4E7 /* Base */ = {isa = PBXFileReference; lastKnownFileType = file.storyboard; name = Base; path = Base.lproj/Main.storyboard; sourceTree = "<group>"; };
		9FA75A252555356D00C6D4E7 /* Movie.xcdatamodel */ = {isa = PBXFileReference; lastKnownFileType = wrapper.xcdatamodel; path = Movie.xcdatamodel; sourceTree = "<group>"; };
		9FA75A272555356F00C6D4E7 /* Assets.xcassets */ = {isa = PBXFileReference; lastKnownFileType = folder.assetcatalog; path = Assets.xcassets; sourceTree = "<group>"; };
		9FA75A2A2555356F00C6D4E7 /* Base */ = {isa = PBXFileReference; lastKnownFileType = file.storyboard; name = Base; path = Base.lproj/LaunchScreen.storyboard; sourceTree = "<group>"; };
		9FA75A2C2555356F00C6D4E7 /* Info.plist */ = {isa = PBXFileReference; lastKnownFileType = text.plist.xml; path = Info.plist; sourceTree = "<group>"; };
		9FA75A32255535F400C6D4E7 /* MovieModel.swift */ = {isa = PBXFileReference; lastKnownFileType = sourcecode.swift; path = MovieModel.swift; sourceTree = "<group>"; };
		9FA75A392555481200C6D4E7 /* OneMovieViewController.swift */ = {isa = PBXFileReference; lastKnownFileType = sourcecode.swift; path = OneMovieViewController.swift; sourceTree = "<group>"; };
		9FA75A3B2555482400C6D4E7 /* FavoriteMoviesViewController.swift */ = {isa = PBXFileReference; lastKnownFileType = sourcecode.swift; path = FavoriteMoviesViewController.swift; sourceTree = "<group>"; };
		9FA75A3D25554F4600C6D4E7 /* TableViewCell.swift */ = {isa = PBXFileReference; lastKnownFileType = sourcecode.swift; path = TableViewCell.swift; sourceTree = "<group>"; };
		9FA75A402555509A00C6D4E7 /* TableViewDelegate+ViewController.swift */ = {isa = PBXFileReference; lastKnownFileType = sourcecode.swift; path = "TableViewDelegate+ViewController.swift"; sourceTree = "<group>"; };
		9FA75A42255560B200C6D4E7 /* MovieData+CoreDataClass.swift */ = {isa = PBXFileReference; lastKnownFileType = sourcecode.swift; path = "MovieData+CoreDataClass.swift"; sourceTree = "<group>"; };
		9FA75A43255560B200C6D4E7 /* MovieData+CoreDataProperties.swift */ = {isa = PBXFileReference; lastKnownFileType = sourcecode.swift; path = "MovieData+CoreDataProperties.swift"; sourceTree = "<group>"; };
		9FA75A462556CA5700C6D4E7 /* CollectionViewDelegate+OneViewController.swift */ = {isa = PBXFileReference; lastKnownFileType = sourcecode.swift; path = "CollectionViewDelegate+OneViewController.swift"; sourceTree = "<group>"; };
		9FA75A482556D6B700C6D4E7 /* CollectionViewCell.swift */ = {isa = PBXFileReference; lastKnownFileType = sourcecode.swift; path = CollectionViewCell.swift; sourceTree = "<group>"; };
		9FF77A9625603177004C86CB /* ViewsProtocol.swift */ = {isa = PBXFileReference; lastKnownFileType = sourcecode.swift; path = ViewsProtocol.swift; sourceTree = "<group>"; };
		9FF77A992562C7B3004C86CB /* SearchViewController.swift */ = {isa = PBXFileReference; lastKnownFileType = sourcecode.swift; path = SearchViewController.swift; sourceTree = "<group>"; };
		9FF77A9E2562D3A2004C86CB /* TableViewDelegate.swift */ = {isa = PBXFileReference; lastKnownFileType = sourcecode.swift; path = TableViewDelegate.swift; sourceTree = "<group>"; };
		9FF77AA12562D3CD004C86CB /* SearchBarDelegate.swift */ = {isa = PBXFileReference; lastKnownFileType = sourcecode.swift; path = SearchBarDelegate.swift; sourceTree = "<group>"; };
/* End PBXFileReference section */

/* Begin PBXFrameworksBuildPhase section */
		9FA75A152555356D00C6D4E7 /* Frameworks */ = {
			isa = PBXFrameworksBuildPhase;
			buildActionMask = 2147483647;
			files = (
			);
			runOnlyForDeploymentPostprocessing = 0;
		};
/* End PBXFrameworksBuildPhase section */

/* Begin PBXGroup section */
		9F03EA4C255D8675001F27EC /* CreditsViewController */ = {
			isa = PBXGroup;
			children = (
				9F03EA4D255D868E001F27EC /* CollectionViewDelegate.swift */,
			);
			path = CreditsViewController;
			sourceTree = "<group>";
		};
		9F35EBC8255825F200B918E4 /* View Controller */ = {
			isa = PBXGroup;
			children = (
				9FA75A402555509A00C6D4E7 /* TableViewDelegate+ViewController.swift */,
			);
			path = "View Controller";
			sourceTree = "<group>";
		};
		9F35EBCB25582DE900B918E4 /* Favorite Movie View Controller */ = {
			isa = PBXGroup;
			children = (
				9F35EBC6255825ED00B918E4 /* TableViewController+FavoriteMovieViewController.swift */,
			);
			path = "Favorite Movie View Controller";
			sourceTree = "<group>";
		};
		9F35EBCC2558349900B918E4 /* One Movie View Controller */ = {
			isa = PBXGroup;
			children = (
				9FA75A462556CA5700C6D4E7 /* CollectionViewDelegate+OneViewController.swift */,
			);
			path = "One Movie View Controller";
			sourceTree = "<group>";
		};
		9F35EBCD255876BE00B918E4 /* Data */ = {
			isa = PBXGroup;
			children = (
				9FA75A242555356D00C6D4E7 /* Movie.xcdatamodeld */,
				9FA75A42255560B200C6D4E7 /* MovieData+CoreDataClass.swift */,
				9FA75A43255560B200C6D4E7 /* MovieData+CoreDataProperties.swift */,
			);
			path = Data;
			sourceTree = "<group>";
		};
		9F3B498025596BC30013EF92 /* Added FavoriteView */ = {
			isa = PBXGroup;
			children = (
				9F3B498125596BE90013EF92 /* AddedFavoriteAlertView.swift */,
				9F3B498325596C070013EF92 /* AddedFavoriteAlertView.xib */,
			);
			path = "Added FavoriteView";
			sourceTree = "<group>";
		};
		9FA75A0F2555356C00C6D4E7 = {
			isa = PBXGroup;
			children = (
				9FA75A1A2555356D00C6D4E7 /* Movie */,
				9FA75A192555356D00C6D4E7 /* Products */,
			);
			sourceTree = "<group>";
		};
		9FA75A192555356D00C6D4E7 /* Products */ = {
			isa = PBXGroup;
			children = (
				9FA75A182555356D00C6D4E7 /* Movie.app */,
			);
			name = Products;
			sourceTree = "<group>";
		};
		9FA75A1A2555356D00C6D4E7 /* Movie */ = {
			isa = PBXGroup;
			children = (
				9FA75A342555465000C6D4E7 /* AppFiles */,
				9FA75A352555467300C6D4E7 /* Base */,
				9FA75A3F2555508600C6D4E7 /* Extensions */,
				9FA75A362555467700C6D4E7 /* Model */,
				9FA75A372555467B00C6D4E7 /* Modules */,
				9FA75A38255546AE00C6D4E7 /* Storyboard */,
			);
			path = Movie;
			sourceTree = "<group>";
		};
		9FA75A342555465000C6D4E7 /* AppFiles */ = {
			isa = PBXGroup;
			children = (
				9FA75A1B2555356D00C6D4E7 /* AppDelegate.swift */,
				9FA75A272555356F00C6D4E7 /* Assets.xcassets */,
				9FA75A2C2555356F00C6D4E7 /* Info.plist */,
				9FA75A292555356F00C6D4E7 /* LaunchScreen.storyboard */,
				9FA75A1D2555356D00C6D4E7 /* SceneDelegate.swift */,
			);
			path = AppFiles;
			sourceTree = "<group>";
		};
		9FA75A352555467300C6D4E7 /* Base */ = {
			isa = PBXGroup;
			children = (
				9F3B498025596BC30013EF92 /* Added FavoriteView */,
				9FA75A3D25554F4600C6D4E7 /* TableViewCell.swift */,
				9FA75A482556D6B700C6D4E7 /* CollectionViewCell.swift */,
			);
			path = Base;
			sourceTree = "<group>";
		};
		9FA75A362555467700C6D4E7 /* Model */ = {
			isa = PBXGroup;
			children = (
				9F35EBCD255876BE00B918E4 /* Data */,
				9FA75A32255535F400C6D4E7 /* MovieModel.swift */,
				9F3B4987255ACA1C0013EF92 /* Parse.swift */,
				9F3B4989255ACA4D0013EF92 /* CreditsModel.swift */,
			);
			path = Model;
			sourceTree = "<group>";
		};
		9FA75A372555467B00C6D4E7 /* Modules */ = {
			isa = PBXGroup;
			children = (
				9FA75A1F2555356D00C6D4E7 /* ViewController.swift */,
				9FA75A392555481200C6D4E7 /* OneMovieViewController.swift */,
				9FA75A3B2555482400C6D4E7 /* FavoriteMoviesViewController.swift */,
				9F3B4985255AC9120013EF92 /* CreditsViewController.swift */,
				9FF77A992562C7B3004C86CB /* SearchViewController.swift */,
			);
			path = Modules;
			sourceTree = "<group>";
		};
		9FA75A38255546AE00C6D4E7 /* Storyboard */ = {
			isa = PBXGroup;
			children = (
				9FA75A212555356D00C6D4E7 /* Main.storyboard */,
			);
			path = Storyboard;
			sourceTree = "<group>";
		};
		9FA75A3F2555508600C6D4E7 /* Extensions */ = {
			isa = PBXGroup;
			children = (
				9F03EA4C255D8675001F27EC /* CreditsViewController */,
				9F35EBCB25582DE900B918E4 /* Favorite Movie View Controller */,
				9F35EBCC2558349900B918E4 /* One Movie View Controller */,
				9FF77A9C2562D379004C86CB /* SearchViewController */,
				9F35EBC925582D9F00B918E4 /* TableViewCellDelegate.swift */,
				9F35EBC8255825F200B918E4 /* View Controller */,
				9FF77A9625603177004C86CB /* ViewsProtocol.swift */,
			);
			path = Extensions;
			sourceTree = "<group>";
		};
		9FF77A9C2562D379004C86CB /* SearchViewController */ = {
			isa = PBXGroup;
			children = (
				9FF77A9E2562D3A2004C86CB /* TableViewDelegate.swift */,
				9FF77AA12562D3CD004C86CB /* SearchBarDelegate.swift */,
			);
			path = SearchViewController;
			sourceTree = "<group>";
		};
/* End PBXGroup section */

/* Begin PBXNativeTarget section */
		9FA75A172555356D00C6D4E7 /* Movie */ = {
			isa = PBXNativeTarget;
			buildConfigurationList = 9FA75A2F2555356F00C6D4E7 /* Build configuration list for PBXNativeTarget "Movie" */;
			buildPhases = (
				9FA75A142555356D00C6D4E7 /* Sources */,
				9FA75A152555356D00C6D4E7 /* Frameworks */,
				9FA75A162555356D00C6D4E7 /* Resources */,
			);
			buildRules = (
			);
			dependencies = (
			);
			name = Movie;
			productName = Movie;
			productReference = 9FA75A182555356D00C6D4E7 /* Movie.app */;
			productType = "com.apple.product-type.application";
		};
/* End PBXNativeTarget section */

/* Begin PBXProject section */
		9FA75A102555356C00C6D4E7 /* Project object */ = {
			isa = PBXProject;
			attributes = {
				LastSwiftUpdateCheck = 1130;
				LastUpgradeCheck = 1130;
				ORGANIZATIONNAME = "Sasha Putsikovich";
				TargetAttributes = {
					9FA75A172555356D00C6D4E7 = {
						CreatedOnToolsVersion = 11.3.1;
					};
				};
			};
			buildConfigurationList = 9FA75A132555356C00C6D4E7 /* Build configuration list for PBXProject "Movie" */;
			compatibilityVersion = "Xcode 9.3";
			developmentRegion = en;
			hasScannedForEncodings = 0;
			knownRegions = (
				en,
				Base,
			);
			mainGroup = 9FA75A0F2555356C00C6D4E7;
			productRefGroup = 9FA75A192555356D00C6D4E7 /* Products */;
			projectDirPath = "";
			projectRoot = "";
			targets = (
				9FA75A172555356D00C6D4E7 /* Movie */,
			);
		};
/* End PBXProject section */

/* Begin PBXResourcesBuildPhase section */
		9FA75A162555356D00C6D4E7 /* Resources */ = {
			isa = PBXResourcesBuildPhase;
			buildActionMask = 2147483647;
			files = (
				9F3B498425596C070013EF92 /* AddedFavoriteAlertView.xib in Resources */,
				9FA75A2B2555356F00C6D4E7 /* LaunchScreen.storyboard in Resources */,
				9FA75A282555356F00C6D4E7 /* Assets.xcassets in Resources */,
				9FA75A232555356D00C6D4E7 /* Main.storyboard in Resources */,
			);
			runOnlyForDeploymentPostprocessing = 0;
		};
/* End PBXResourcesBuildPhase section */

/* Begin PBXSourcesBuildPhase section */
		9FA75A142555356D00C6D4E7 /* Sources */ = {
			isa = PBXSourcesBuildPhase;
			buildActionMask = 2147483647;
			files = (
				9FF77AA22562D3CD004C86CB /* SearchBarDelegate.swift in Sources */,
				9FA75A33255535F400C6D4E7 /* MovieModel.swift in Sources */,
				9FA75A492556D6B700C6D4E7 /* CollectionViewCell.swift in Sources */,
				9FA75A202555356D00C6D4E7 /* ViewController.swift in Sources */,
				9FA75A44255560B200C6D4E7 /* MovieData+CoreDataClass.swift in Sources */,
				9FA75A1C2555356D00C6D4E7 /* AppDelegate.swift in Sources */,
				9F3B498A255ACA4D0013EF92 /* CreditsModel.swift in Sources */,
				9FA75A262555356D00C6D4E7 /* Movie.xcdatamodeld in Sources */,
				9F3B4986255AC9120013EF92 /* CreditsViewController.swift in Sources */,
				9F3B4988255ACA1C0013EF92 /* Parse.swift in Sources */,
				9FA75A3E25554F4600C6D4E7 /* TableViewCell.swift in Sources */,
				9FF77A9725603177004C86CB /* ViewsProtocol.swift in Sources */,
				9FA75A3A2555481200C6D4E7 /* OneMovieViewController.swift in Sources */,
				9FF77A9A2562C7B3004C86CB /* SearchViewController.swift in Sources */,
				9F35EBCA25582D9F00B918E4 /* TableViewCellDelegate.swift in Sources */,
				9FA75A45255560B200C6D4E7 /* MovieData+CoreDataProperties.swift in Sources */,
				9F35EBC7255825ED00B918E4 /* TableViewController+FavoriteMovieViewController.swift in Sources */,
				9FA75A3C2555482400C6D4E7 /* FavoriteMoviesViewController.swift in Sources */,
				9F3B498225596BE90013EF92 /* AddedFavoriteAlertView.swift in Sources */,
				9FA75A472556CA5700C6D4E7 /* CollectionViewDelegate+OneViewController.swift in Sources */,
				9F03EA4E255D868E001F27EC /* CollectionViewDelegate.swift in Sources */,
				9FA75A1E2555356D00C6D4E7 /* SceneDelegate.swift in Sources */,
				9FA75A412555509A00C6D4E7 /* TableViewDelegate+ViewController.swift in Sources */,
				9FF77A9F2562D3A2004C86CB /* TableViewDelegate.swift in Sources */,
			);
			runOnlyForDeploymentPostprocessing = 0;
		};
/* End PBXSourcesBuildPhase section */

/* Begin PBXVariantGroup section */
		9FA75A212555356D00C6D4E7 /* Main.storyboard */ = {
			isa = PBXVariantGroup;
			children = (
				9FA75A222555356D00C6D4E7 /* Base */,
			);
			name = Main.storyboard;
			sourceTree = "<group>";
		};
		9FA75A292555356F00C6D4E7 /* LaunchScreen.storyboard */ = {
			isa = PBXVariantGroup;
			children = (
				9FA75A2A2555356F00C6D4E7 /* Base */,
			);
			name = LaunchScreen.storyboard;
			sourceTree = "<group>";
		};
/* End PBXVariantGroup section */

/* Begin XCBuildConfiguration section */
		9FA75A2D2555356F00C6D4E7 /* Debug */ = {
			isa = XCBuildConfiguration;
			buildSettings = {
				ALWAYS_SEARCH_USER_PATHS = NO;
				CLANG_ANALYZER_NONNULL = YES;
				CLANG_ANALYZER_NUMBER_OBJECT_CONVERSION = YES_AGGRESSIVE;
				CLANG_CXX_LANGUAGE_STANDARD = "gnu++14";
				CLANG_CXX_LIBRARY = "libc++";
				CLANG_ENABLE_MODULES = YES;
				CLANG_ENABLE_OBJC_ARC = YES;
				CLANG_ENABLE_OBJC_WEAK = YES;
				CLANG_WARN_BLOCK_CAPTURE_AUTORELEASING = YES;
				CLANG_WARN_BOOL_CONVERSION = YES;
				CLANG_WARN_COMMA = YES;
				CLANG_WARN_CONSTANT_CONVERSION = YES;
				CLANG_WARN_DEPRECATED_OBJC_IMPLEMENTATIONS = YES;
				CLANG_WARN_DIRECT_OBJC_ISA_USAGE = YES_ERROR;
				CLANG_WARN_DOCUMENTATION_COMMENTS = YES;
				CLANG_WARN_EMPTY_BODY = YES;
				CLANG_WARN_ENUM_CONVERSION = YES;
				CLANG_WARN_INFINITE_RECURSION = YES;
				CLANG_WARN_INT_CONVERSION = YES;
				CLANG_WARN_NON_LITERAL_NULL_CONVERSION = YES;
				CLANG_WARN_OBJC_IMPLICIT_RETAIN_SELF = YES;
				CLANG_WARN_OBJC_LITERAL_CONVERSION = YES;
				CLANG_WARN_OBJC_ROOT_CLASS = YES_ERROR;
				CLANG_WARN_RANGE_LOOP_ANALYSIS = YES;
				CLANG_WARN_STRICT_PROTOTYPES = YES;
				CLANG_WARN_SUSPICIOUS_MOVE = YES;
				CLANG_WARN_UNGUARDED_AVAILABILITY = YES_AGGRESSIVE;
				CLANG_WARN_UNREACHABLE_CODE = YES;
				CLANG_WARN__DUPLICATE_METHOD_MATCH = YES;
				COPY_PHASE_STRIP = NO;
				DEBUG_INFORMATION_FORMAT = dwarf;
				ENABLE_STRICT_OBJC_MSGSEND = YES;
				ENABLE_TESTABILITY = YES;
				GCC_C_LANGUAGE_STANDARD = gnu11;
				GCC_DYNAMIC_NO_PIC = NO;
				GCC_NO_COMMON_BLOCKS = YES;
				GCC_OPTIMIZATION_LEVEL = 0;
				GCC_PREPROCESSOR_DEFINITIONS = (
					"DEBUG=1",
					"$(inherited)",
				);
				GCC_WARN_64_TO_32_BIT_CONVERSION = YES;
				GCC_WARN_ABOUT_RETURN_TYPE = YES_ERROR;
				GCC_WARN_UNDECLARED_SELECTOR = YES;
				GCC_WARN_UNINITIALIZED_AUTOS = YES_AGGRESSIVE;
				GCC_WARN_UNUSED_FUNCTION = YES;
				GCC_WARN_UNUSED_VARIABLE = YES;
				IPHONEOS_DEPLOYMENT_TARGET = 13.2;
				MTL_ENABLE_DEBUG_INFO = INCLUDE_SOURCE;
				MTL_FAST_MATH = YES;
				ONLY_ACTIVE_ARCH = YES;
				SDKROOT = iphoneos;
				SWIFT_ACTIVE_COMPILATION_CONDITIONS = DEBUG;
				SWIFT_OPTIMIZATION_LEVEL = "-Onone";
			};
			name = Debug;
		};
		9FA75A2E2555356F00C6D4E7 /* Release */ = {
			isa = XCBuildConfiguration;
			buildSettings = {
				ALWAYS_SEARCH_USER_PATHS = NO;
				CLANG_ANALYZER_NONNULL = YES;
				CLANG_ANALYZER_NUMBER_OBJECT_CONVERSION = YES_AGGRESSIVE;
				CLANG_CXX_LANGUAGE_STANDARD = "gnu++14";
				CLANG_CXX_LIBRARY = "libc++";
				CLANG_ENABLE_MODULES = YES;
				CLANG_ENABLE_OBJC_ARC = YES;
				CLANG_ENABLE_OBJC_WEAK = YES;
				CLANG_WARN_BLOCK_CAPTURE_AUTORELEASING = YES;
				CLANG_WARN_BOOL_CONVERSION = YES;
				CLANG_WARN_COMMA = YES;
				CLANG_WARN_CONSTANT_CONVERSION = YES;
				CLANG_WARN_DEPRECATED_OBJC_IMPLEMENTATIONS = YES;
				CLANG_WARN_DIRECT_OBJC_ISA_USAGE = YES_ERROR;
				CLANG_WARN_DOCUMENTATION_COMMENTS = YES;
				CLANG_WARN_EMPTY_BODY = YES;
				CLANG_WARN_ENUM_CONVERSION = YES;
				CLANG_WARN_INFINITE_RECURSION = YES;
				CLANG_WARN_INT_CONVERSION = YES;
				CLANG_WARN_NON_LITERAL_NULL_CONVERSION = YES;
				CLANG_WARN_OBJC_IMPLICIT_RETAIN_SELF = YES;
				CLANG_WARN_OBJC_LITERAL_CONVERSION = YES;
				CLANG_WARN_OBJC_ROOT_CLASS = YES_ERROR;
				CLANG_WARN_RANGE_LOOP_ANALYSIS = YES;
				CLANG_WARN_STRICT_PROTOTYPES = YES;
				CLANG_WARN_SUSPICIOUS_MOVE = YES;
				CLANG_WARN_UNGUARDED_AVAILABILITY = YES_AGGRESSIVE;
				CLANG_WARN_UNREACHABLE_CODE = YES;
				CLANG_WARN__DUPLICATE_METHOD_MATCH = YES;
				COPY_PHASE_STRIP = NO;
				DEBUG_INFORMATION_FORMAT = "dwarf-with-dsym";
				ENABLE_NS_ASSERTIONS = NO;
				ENABLE_STRICT_OBJC_MSGSEND = YES;
				GCC_C_LANGUAGE_STANDARD = gnu11;
				GCC_NO_COMMON_BLOCKS = YES;
				GCC_WARN_64_TO_32_BIT_CONVERSION = YES;
				GCC_WARN_ABOUT_RETURN_TYPE = YES_ERROR;
				GCC_WARN_UNDECLARED_SELECTOR = YES;
				GCC_WARN_UNINITIALIZED_AUTOS = YES_AGGRESSIVE;
				GCC_WARN_UNUSED_FUNCTION = YES;
				GCC_WARN_UNUSED_VARIABLE = YES;
				IPHONEOS_DEPLOYMENT_TARGET = 13.2;
				MTL_ENABLE_DEBUG_INFO = NO;
				MTL_FAST_MATH = YES;
				SDKROOT = iphoneos;
				SWIFT_COMPILATION_MODE = wholemodule;
				SWIFT_OPTIMIZATION_LEVEL = "-O";
				VALIDATE_PRODUCT = YES;
			};
			name = Release;
		};
		9FA75A302555356F00C6D4E7 /* Debug */ = {
			isa = XCBuildConfiguration;
			buildSettings = {
				ASSETCATALOG_COMPILER_APPICON_NAME = AppIcon;
				CODE_SIGN_STYLE = Automatic;
				DEVELOPMENT_TEAM = W64W8UKVB6;
				INFOPLIST_FILE = Movie/AppFiles/Info.plist;
				LD_RUNPATH_SEARCH_PATHS = (
					"$(inherited)",
					"@executable_path/Frameworks",
				);
				PRODUCT_BUNDLE_IDENTIFIER = sashaputsikovich.Movie;
				PRODUCT_NAME = "$(TARGET_NAME)";
				SWIFT_VERSION = 5.0;
				TARGETED_DEVICE_FAMILY = "1,2";
			};
			name = Debug;
		};
		9FA75A312555356F00C6D4E7 /* Release */ = {
			isa = XCBuildConfiguration;
			buildSettings = {
				ASSETCATALOG_COMPILER_APPICON_NAME = AppIcon;
				CODE_SIGN_STYLE = Automatic;
				DEVELOPMENT_TEAM = W64W8UKVB6;
				INFOPLIST_FILE = Movie/AppFiles/Info.plist;
				LD_RUNPATH_SEARCH_PATHS = (
					"$(inherited)",
					"@executable_path/Frameworks",
				);
				PRODUCT_BUNDLE_IDENTIFIER = sashaputsikovich.Movie;
				PRODUCT_NAME = "$(TARGET_NAME)";
				SWIFT_VERSION = 5.0;
				TARGETED_DEVICE_FAMILY = "1,2";
			};
			name = Release;
		};
/* End XCBuildConfiguration section */

/* Begin XCConfigurationList section */
		9FA75A132555356C00C6D4E7 /* Build configuration list for PBXProject "Movie" */ = {
			isa = XCConfigurationList;
			buildConfigurations = (
				9FA75A2D2555356F00C6D4E7 /* Debug */,
				9FA75A2E2555356F00C6D4E7 /* Release */,
			);
			defaultConfigurationIsVisible = 0;
			defaultConfigurationName = Release;
		};
		9FA75A2F2555356F00C6D4E7 /* Build configuration list for PBXNativeTarget "Movie" */ = {
			isa = XCConfigurationList;
			buildConfigurations = (
				9FA75A302555356F00C6D4E7 /* Debug */,
				9FA75A312555356F00C6D4E7 /* Release */,
			);
			defaultConfigurationIsVisible = 0;
			defaultConfigurationName = Release;
		};
/* End XCConfigurationList section */

/* Begin XCVersionGroup section */
		9FA75A242555356D00C6D4E7 /* Movie.xcdatamodeld */ = {
			isa = XCVersionGroup;
			children = (
				9FA75A252555356D00C6D4E7 /* Movie.xcdatamodel */,
			);
			currentVersion = 9FA75A252555356D00C6D4E7 /* Movie.xcdatamodel */;
			path = Movie.xcdatamodeld;
			sourceTree = "<group>";
			versionGroupType = wrapper.xcdatamodel;
		};
/* End XCVersionGroup section */
	};
	rootObject = 9FA75A102555356C00C6D4E7 /* Project object */;
}
